{
  "name": "catalog-ai",
  "version": "1.3.0-beta",
  "lockfileVersion": 3,
  "requires": true,
  "packages": {
    "": {
      "name": "catalog-ai",
      "version": "1.3.0-beta",
      "hasInstallScript": true,
      "engines": {
        "node": ">= 22.0.0",
        "npm": ">= 8.0.0"
      }
    }
  }
}
